{
  "name": "faucet-new",
  "version": "1.0.0",
  "lockfileVersion": 1,
  "requires": true,
  "dependencies": {
    "@types/node": {
      "version": "10.17.47",
      "resolved": "https://registry.npm.taobao.org/@types/node/download/@types/node-10.17.47.tgz",
      "integrity": "sha1-zIiiQqg1eJRWz883SShADZ9LKRw="
    },
    "@vechain/connex": {
      "version": "1.4.2",
      "resolved": "https://registry.npm.taobao.org/@vechain/connex/download/@vechain/connex-1.4.2.tgz",
      "integrity": "sha1-IphwNRDmfAZ+dqkhVQioh1Ygw0g="
    },
    "@vechain/connex-driver": {
      "version": "1.2.1",
      "resolved": "https://registry.npm.taobao.org/@vechain/connex-driver/download/@vechain/connex-driver-1.2.1.tgz",
      "integrity": "sha1-s4D7JGyUN/u97RWQLsUBjZ1O+Q8=",
      "requires": {
        "@vechain/connex": "^1.4.2",
        "@vechain/json-rpc": "^1.0.0-beta4",
        "axios": "^0.19.0",
        "bignumber.js": "^9.0.0",
        "isomorphic-ws": "^4.0.1",
        "lru-cache": "^5.1.1",
        "thor-devkit": "^1.2.5",
        "ws": "^7.1.0"
      }
    },
    "@vechain/connex-framework": {
      "version": "1.1.4",
      "resolved": "https://registry.npm.taobao.org/@vechain/connex-framework/download/@vechain/connex-framework-1.1.4.tgz",
      "integrity": "sha1-rwzt1OlVLIMq31UcxfTkKr7WVXs=",
      "requires": {
        "@vechain/connex": "^1.4.2",
        "thor-devkit": "^1.2.5",
        "validator-ts": "^0.9.1"
      }
    },
    "@vechain/ethers": {
      "version": "4.0.27-3",
      "resolved": "https://registry.npm.taobao.org/@vechain/ethers/download/@vechain/ethers-4.0.27-3.tgz",
      "integrity": "sha1-7DIlBkgIpZ+IAkdOt4NV3U67Xkk=",
      "requires": {
        "@types/node": "^10.3.2",
        "aes-js": "3.0.0",
        "bn.js": "^4.4.0",
        "elliptic": "6.5.3",
        "hash.js": "1.1.3",
        "js-sha3": "0.5.7",
        "scrypt-js": "2.0.4",
        "setimmediate": "1.0.4",
        "uuid": "2.0.1",
        "xmlhttprequest": "1.8.0"
      }
    },
    "@vechain/json-rpc": {
      "version": "1.0.0-beta4",
      "resolved": "https://registry.npm.taobao.org/@vechain/json-rpc/download/@vechain/json-rpc-1.0.0-beta4.tgz",
      "integrity": "sha1-1QStA8t6xsF0HrGFnqrt+bYx0j4=",
      "requires": {
        "validator-ts": "^0.9.1"
      }
    },
    "aes-js": {
      "version": "3.0.0",
      "resolved": "https://registry.npm.taobao.org/aes-js/download/aes-js-3.0.0.tgz",
      "integrity": "sha1-4h3xCtbCBTKVvLuNq0Cwnb6ofk0="
    },
    "axios": {
      "version": "0.19.2",
      "resolved": "https://registry.npm.taobao.org/axios/download/axios-0.19.2.tgz?cache=0&sync_timestamp=1603468783865&other_urls=https%3A%2F%2Fregistry.npm.taobao.org%2Faxios%2Fdownload%2Faxios-0.19.2.tgz",
      "integrity": "sha1-PqNsXYgY0NX4qKl6bTa4bNwAyyc=",
      "requires": {
        "follow-redirects": "1.5.10"
      }
    },
    "bignumber.js": {
      "version": "9.0.1",
      "resolved": "https://registry.npm.taobao.org/bignumber.js/download/bignumber.js-9.0.1.tgz",
      "integrity": "sha1-jXuhJMiCv9jkMmDGdHVRjQaJ5OU="
    },
    "blakejs": {
      "version": "1.1.0",
      "resolved": "https://registry.npm.taobao.org/blakejs/download/blakejs-1.1.0.tgz",
      "integrity": "sha1-ad+S75U6qIylGjLfarHFShVfx6U="
    },
    "bn.js": {
      "version": "4.11.9",
      "resolved": "https://registry.npm.taobao.org/bn.js/download/bn.js-4.11.9.tgz",
      "integrity": "sha1-JtVWgpRY+dHoH8SJUkk9C6NQeCg="
    },
    "brorand": {
      "version": "1.1.0",
      "resolved": "https://registry.npm.taobao.org/brorand/download/brorand-1.1.0.tgz",
      "integrity": "sha1-EsJe/kCkXjwyPrhnWgoM5XsiNx8="
    },
    "debug": {
      "version": "3.1.0",
      "resolved": "https://registry.npm.taobao.org/debug/download/debug-3.1.0.tgz?cache=0&sync_timestamp=1606566568533&other_urls=https%3A%2F%2Fregistry.npm.taobao.org%2Fdebug%2Fdownload%2Fdebug-3.1.0.tgz",
      "integrity": "sha1-W7WgZyYotkFJVmuhaBnmFRjGcmE=",
      "requires": {
        "ms": "2.0.0"
      }
    },
    "elliptic": {
      "version": "6.5.3",
      "resolved": "https://registry.npm.taobao.org/elliptic/download/elliptic-6.5.3.tgz",
      "integrity": "sha1-y1nrLv2vc6C9eMzXAVpirW4Pk9Y=",
      "requires": {
        "bn.js": "^4.4.0",
        "brorand": "^1.0.1",
        "hash.js": "^1.0.0",
        "hmac-drbg": "^1.0.0",
        "inherits": "^2.0.1",
        "minimalistic-assert": "^1.0.0",
        "minimalistic-crypto-utils": "^1.0.0"
      }
    },
    "fast-json-stable-stringify": {
      "version": "2.1.0",
      "resolved": "https://registry.npm.taobao.org/fast-json-stable-stringify/download/fast-json-stable-stringify-2.1.0.tgz",
      "integrity": "sha1-h0v2nG9ATCtdmcSBNBOZ/VWJJjM="
    },
    "follow-redirects": {
      "version": "1.5.10",
      "resolved": "https://registry.npm.taobao.org/follow-redirects/download/follow-redirects-1.5.10.tgz",
      "integrity": "sha1-e3qfmuov3/NnhqlP9kPtB/T/Xio=",
      "requires": {
        "debug": "=3.1.0"
      }
    },
    "hash.js": {
      "version": "1.1.3",
      "resolved": "https://registry.npm.taobao.org/hash.js/download/hash.js-1.1.3.tgz",
      "integrity": "sha1-NA3tvmKQGHFRweodd3o0SJNd+EY=",
      "requires": {
        "inherits": "^2.0.3",
        "minimalistic-assert": "^1.0.0"
      }
    },
    "hmac-drbg": {
      "version": "1.0.1",
      "resolved": "https://registry.npm.taobao.org/hmac-drbg/download/hmac-drbg-1.0.1.tgz",
      "integrity": "sha1-0nRXAQJabHdabFRXk+1QL8DGSaE=",
      "requires": {
        "hash.js": "^1.0.3",
        "minimalistic-assert": "^1.0.0",
        "minimalistic-crypto-utils": "^1.0.1"
      }
    },
    "inherits": {
      "version": "2.0.4",
      "resolved": "https://registry.npm.taobao.org/inherits/download/inherits-2.0.4.tgz",
      "integrity": "sha1-D6LGT5MpF8NDOg3tVTY6rjdBa3w="
    },
    "isomorphic-ws": {
      "version": "4.0.1",
      "resolved": "https://registry.npm.taobao.org/isomorphic-ws/download/isomorphic-ws-4.0.1.tgz",
      "integrity": "sha1-Vf1M1sXmSR523BJZON2GP1zU8tw="
    },
    "js-sha3": {
      "version": "0.5.7",
      "resolved": "https://registry.npm.taobao.org/js-sha3/download/js-sha3-0.5.7.tgz",
      "integrity": "sha1-DU/9gALVMzqrr0oj7tL2N0yfKOc="
    },
    "lru-cache": {
      "version": "5.1.1",
      "resolved": "https://registry.npm.taobao.org/lru-cache/download/lru-cache-5.1.1.tgz",
      "integrity": "sha1-HaJ+ZxAnGUdpXa9oSOhH8B2EuSA=",
      "requires": {
        "yallist": "^3.0.2"
      }
    },
    "minimalistic-assert": {
      "version": "1.0.1",
      "resolved": "https://registry.npm.taobao.org/minimalistic-assert/download/minimalistic-assert-1.0.1.tgz",
      "integrity": "sha1-LhlN4ERibUoQ5/f7wAznPoPk1cc="
    },
    "minimalistic-crypto-utils": {
      "version": "1.0.1",
      "resolved": "https://registry.npm.taobao.org/minimalistic-crypto-utils/download/minimalistic-crypto-utils-1.0.1.tgz",
      "integrity": "sha1-9sAMHAsIIkblxNmd+4x8CDsrWCo="
    },
    "ms": {
      "version": "2.0.0",
      "resolved": "https://registry.npm.taobao.org/ms/download/ms-2.0.0.tgz",
      "integrity": "sha1-VgiurfwAvmwpAd9fmGF4jeDVl8g="
    },
    "rlp": {
      "version": "2.2.6",
      "resolved": "https://registry.npm.taobao.org/rlp/download/rlp-2.2.6.tgz",
      "integrity": "sha1-yAumJmrHpIPvHmno4vBWZW3i+yw=",
      "requires": {
        "bn.js": "^4.11.1"
      }
    },
    "scrypt-js": {
      "version": "2.0.4",
      "resolved": "https://registry.npm.taobao.org/scrypt-js/download/scrypt-js-2.0.4.tgz",
      "integrity": "sha1-MvjFFJ8Hl2cuVRwH4jD4NLavXxY="
    },
    "setimmediate": {
      "version": "1.0.4",
      "resolved": "https://registry.npm.taobao.org/setimmediate/download/setimmediate-1.0.4.tgz",
      "integrity": "sha1-IOgd5iLUoCWIzgyNqJc8vPHTE48="
    },
    "thor-devkit": {
      "version": "1.3.3",
      "resolved": "https://registry.npm.taobao.org/thor-devkit/download/thor-devkit-1.3.3.tgz",
      "integrity": "sha1-hItLdVrB8K4WhPP2LKjySmbnbO0=",
      "requires": {
        "@vechain/ethers": "^4.0.27-3",
        "bignumber.js": "^7.2.1",
        "blakejs": "^1.1.0",
        "elliptic": "6.5.3",
        "fast-json-stable-stringify": "^2.0.0",
        "js-sha3": "0.5.7",
        "rlp": "^2.0.0"
      },
      "dependencies": {
        "bignumber.js": {
          "version": "7.2.1",
          "resolved": "https://registry.npm.taobao.org/bignumber.js/download/bignumber.js-7.2.1.tgz",
          "integrity": "sha1-gMBIdZ2CaACAfEv9Uh5Q7bulel8="
        }
      }
    },
    "uuid": {
      "version": "2.0.1",
      "resolved": "https://registry.npm.taobao.org/uuid/download/uuid-2.0.1.tgz?cache=0&sync_timestamp=1605964231143&other_urls=https%3A%2F%2Fregistry.npm.taobao.org%2Fuuid%2Fdownload%2Fuuid-2.0.1.tgz",
      "integrity": "sha1-wqMN7bPlNdcsz4LjQ5QaULqFM6w="
    },
    "validator-ts": {
      "version": "0.9.1",
      "resolved": "https://registry.npm.taobao.org/validator-ts/download/validator-ts-0.9.1.tgz",
      "integrity": "sha1-Grh0jm3d3GPp5e2/f+qRqCt6Rm8="
    },
    "ws": {
      "version": "7.4.0",
      "resolved": "https://registry.npm.taobao.org/ws/download/ws-7.4.0.tgz",
      "integrity": "sha1-pd12okGXlA1Ki7ng4VK7RQN2Tac="
    },
    "xmlhttprequest": {
      "version": "1.8.0",
      "resolved": "https://registry.npm.taobao.org/xmlhttprequest/download/xmlhttprequest-1.8.0.tgz",
      "integrity": "sha1-Z/4HXFwk/vOfnWX197f+dRcZaPw="
    },
    "yallist": {
      "version": "3.1.1",
      "resolved": "https://registry.npm.taobao.org/yallist/download/yallist-3.1.1.tgz",
      "integrity": "sha1-27fa+b/YusmrRev2ArjLrQ1dCP0="
    }
  }
}
